
Microsoft Visual Studio Solution File, Format Version 12.00
# Visual Studio 14
VisualStudioVersion = 14.0.25420.1
MinimumVisualStudioVersion = 10.0.40219.1
Project("{FAE04EC0-301F-11D3-BF4B-00C04F79EFBC}") = "Tokenizer", "Tokenizer\Tokenizer.csproj", "{52D42516-AAD4-454A-8EAC-5E894B90ED7E}"
EndProject
Project("{FAE04EC0-301F-11D3-BF4B-00C04F79EFBC}") = "TokenizerTest", "TokenizerTest\TokenizerTest.csproj", "{FB22552D-9225-49A7-B74B-F5D1BBC13C8A}"
EndProject
Project("{FAE04EC0-301F-11D3-BF4B-00C04F79EFBC}") = "NLPExtention", "NLPExtention\NLPExtention.csproj", "{7B8E2C25-312D-4FD1-8112-C985821A0057}"
EndProject
Project("{FAE04EC0-301F-11D3-BF4B-00C04F79EFBC}") = "NLPEnvironment", "NLPEnvironment\NLPEnvironment.csproj", "{50E25299-8AAC-4D1F-BB58-BA57F92C6C61}"
EndProject
Global
	GlobalSection(SolutionConfigurationPlatforms) = preSolution
		Debug|Any CPU = Debug|Any CPU
		Release|Any CPU = Release|Any CPU
	EndGlobalSection
	GlobalSection(ProjectConfigurationPlatforms) = postSolution
		{52D42516-AAD4-454A-8EAC-5E894B90ED7E}.Debug|Any CPU.ActiveCfg = Debug|Any CPU
		{52D42516-AAD4-454A-8EAC-5E894B90ED7E}.Debug|Any CPU.Build.0 = Debug|Any CPU
		{52D42516-AAD4-454A-8EAC-5E894B90ED7E}.Release|Any CPU.ActiveCfg = Release|Any CPU
		{52D42516-AAD4-454A-8EAC-5E894B90ED7E}.Release|Any CPU.Build.0 = Release|Any CPU
		{FB22552D-9225-49A7-B74B-F5D1BBC13C8A}.Debug|Any CPU.ActiveCfg = Debug|Any CPU
		{FB22552D-9225-49A7-B74B-F5D1BBC13C8A}.Debug|Any CPU.Build.0 = Debug|Any CPU
		{FB22552D-9225-49A7-B74B-F5D1BBC13C8A}.Release|Any CPU.ActiveCfg = Release|Any CPU
		{FB22552D-9225-49A7-B74B-F5D1BBC13C8A}.Release|Any CPU.Build.0 = Release|Any CPU
		{7B8E2C25-312D-4FD1-8112-C985821A0057}.Debug|Any CPU.ActiveCfg = Debug|Any CPU
		{7B8E2C25-312D-4FD1-8112-C985821A0057}.Debug|Any CPU.Build.0 = Debug|Any CPU
		{7B8E2C25-312D-4FD1-8112-C985821A0057}.Release|Any CPU.ActiveCfg = Release|Any CPU
		{7B8E2C25-312D-4FD1-8112-C985821A0057}.Release|Any CPU.Build.0 = Release|Any CPU
		{50E25299-8AAC-4D1F-BB58-BA57F92C6C61}.Debug|Any CPU.ActiveCfg = Debug|Any CPU
		{50E25299-8AAC-4D1F-BB58-BA57F92C6C61}.Debug|Any CPU.Build.0 = Debug|Any CPU
		{50E25299-8AAC-4D1F-BB58-BA57F92C6C61}.Release|Any CPU.ActiveCfg = Release|Any CPU
		{50E25299-8AAC-4D1F-BB58-BA57F92C6C61}.Release|Any CPU.Build.0 = Release|Any CPU
	EndGlobalSection
	GlobalSection(SolutionProperties) = preSolution
		HideSolutionNode = FALSE
	EndGlobalSection
EndGlobal
